{
  "name": "ng-range-picker",
  "version": "0.0.1",
  "lockfileVersion": 1,
  "requires": true,
  "dependencies": {
    "moment": {
      "version": "2.19.2",
      "resolved": "https://registry.npmjs.org/moment/-/moment-2.19.2.tgz",
      "integrity": "sha512-Rf6jiHPEfxp9+dlzxPTmRHbvoFXsh2L/U8hOupUMpnuecHQmI6cF6lUbJl3QqKPko1u6ujO+FxtcajLVfLpAtA==",
      "dev": true
    },
    "moment-parseplus": {
      "version": "1.0.3",
      "resolved": "https://registry.npmjs.org/moment-parseplus/-/moment-parseplus-1.0.3.tgz",
      "integrity": "sha512-RErBl6B8CmeBxzhb/B5oGKf/p87/mZ0IfXZ+splJ7jt4TjGjAA0qUuIUGrCfBCKAtzMzOLZf42lqigOvi10zxQ==",
      "dev": true,
      "requires": {
        "moment": "2.19.2"
      }
    }
  }
}
